
Microsoft Visual Studio Solution File, Format Version 12.00
# Visual Studio Version 16
VisualStudioVersion = 16.0.29215.179
MinimumVisualStudioVersion = 10.0.40219.1
Project("{9A19103F-16F7-4668-BE54-9A1E7A4F7556}") = "QFS", "QFS\QFS.csproj", "{AC9BC221-E16C-401E-B185-00A452374B29}"
EndProject
Project("{9A19103F-16F7-4668-BE54-9A1E7A4F7556}") = "QFS.Test", "QFS.Test\QFS.Test.csproj", "{F78FE27D-5BBC-457B-AEEE-FAA93A01EC2B}"
EndProject
Global
	GlobalSection(SolutionConfigurationPlatforms) = preSolution
		Debug|Any CPU = Debug|Any CPU
		Release|Any CPU = Release|Any CPU
	EndGlobalSection
	GlobalSection(ProjectConfigurationPlatforms) = postSolution
		{AC9BC221-E16C-401E-B185-00A452374B29}.Debug|Any CPU.ActiveCfg = Debug|Any CPU
		{AC9BC221-E16C-401E-B185-00A452374B29}.Debug|Any CPU.Build.0 = Debug|Any CPU
		{AC9BC221-E16C-401E-B185-00A452374B29}.Release|Any CPU.ActiveCfg = Release|Any CPU
		{AC9BC221-E16C-401E-B185-00A452374B29}.Release|Any CPU.Build.0 = Release|Any CPU
		{F78FE27D-5BBC-457B-AEEE-FAA93A01EC2B}.Debug|Any CPU.ActiveCfg = Debug|Any CPU
		{F78FE27D-5BBC-457B-AEEE-FAA93A01EC2B}.Debug|Any CPU.Build.0 = Debug|Any CPU
		{F78FE27D-5BBC-457B-AEEE-FAA93A01EC2B}.Release|Any CPU.ActiveCfg = Release|Any CPU
		{F78FE27D-5BBC-457B-AEEE-FAA93A01EC2B}.Release|Any CPU.Build.0 = Release|Any CPU
	EndGlobalSection
	GlobalSection(SolutionProperties) = preSolution
		HideSolutionNode = FALSE
	EndGlobalSection
	GlobalSection(ExtensibilityGlobals) = postSolution
		SolutionGuid = {A28655AB-05B3-41E0-BB5B-BBB4009B082F}
	EndGlobalSection
EndGlobal
